
Microsoft Visual Studio Solution File, Format Version 12.00
# Visual Studio Version 18
VisualStudioVersion = 18.3.11512.155 d18.3
MinimumVisualStudioVersion = 10.0.40219.1
Project("{FAE04EC0-301F-11D3-BF4B-00C04F79EFBC}") = "CSW431_PhamTranGiaHung_2331200153_lab3", "CSW431_PhamTranGiaHung_2331200153_lab3.csproj", "{D8CB3F51-6D2C-441F-BE1B-DD30DC79B794}"
EndProject
Global
	GlobalSection(SolutionConfigurationPlatforms) = preSolution
		Debug|Any CPU = Debug|Any CPU
		Release|Any CPU = Release|Any CPU
	EndGlobalSection
	GlobalSection(ProjectConfigurationPlatforms) = postSolution
		{D8CB3F51-6D2C-441F-BE1B-DD30DC79B794}.Debug|Any CPU.ActiveCfg = Debug|Any CPU
		{D8CB3F51-6D2C-441F-BE1B-DD30DC79B794}.Debug|Any CPU.Build.0 = Debug|Any CPU
		{D8CB3F51-6D2C-441F-BE1B-DD30DC79B794}.Release|Any CPU.ActiveCfg = Release|Any CPU
		{D8CB3F51-6D2C-441F-BE1B-DD30DC79B794}.Release|Any CPU.Build.0 = Release|Any CPU
	EndGlobalSection
	GlobalSection(SolutionProperties) = preSolution
		HideSolutionNode = FALSE
	EndGlobalSection
	GlobalSection(ExtensibilityGlobals) = postSolution
		SolutionGuid = {C7586BB3-FBA5-47F0-B5A0-91FDEC72CBEE}
	EndGlobalSection
EndGlobal
